
Microsoft Visual Studio Solution File, Format Version 12.00
# Visual Studio Version 16
VisualStudioVersion = 16.0.29001.49
MinimumVisualStudioVersion = 10.0.40219.1
Project("{FAE04EC0-301F-11D3-BF4B-00C04F79EFBC}") = "ToDo.WebAPI", "ToDo.WebAPI\ToDo.WebAPI.csproj", "{94689F5C-4239-4247-AB9E-2AF1D786E46F}"
EndProject
Project("{FAE04EC0-301F-11D3-BF4B-00C04F79EFBC}") = "ToDo.WebAPI.Tests", "ToDo.WebAPI.Tests\ToDo.WebAPI.Tests.csproj", "{BECA3FF7-EA5A-463B-A5B2-3DBA9E61404D}"
EndProject
Project("{FAE04EC0-301F-11D3-BF4B-00C04F79EFBC}") = "ToDo.WebAPI.DataAccessLayer", "ToDo.DataAccessLayer\ToDo.WebAPI.DataAccessLayer.csproj", "{773D99A0-8B29-41C9-9BD6-1D0DB47ED79B}"
EndProject
Project("{FAE04EC0-301F-11D3-BF4B-00C04F79EFBC}") = "ToDo.WebAPI.DomainLayer", "ToDo.DomainLayer\ToDo.WebAPI.DomainLayer.csproj", "{9640E2D3-7E66-45B0-A99B-5D49DE221323}"
EndProject
Project("{2150E333-8FDC-42A3-9474-1A3956D46DE8}") = "Core", "Core", "{A84EDCDB-1F9C-483A-B108-66622CBCA694}"
EndProject
Project("{2150E333-8FDC-42A3-9474-1A3956D46DE8}") = "Test", "Test", "{922E652D-9C56-44DB-A467-14BA937F5A93}"
EndProject
Project("{FAE04EC0-301F-11D3-BF4B-00C04F79EFBC}") = "ToDo.WebAPI.Common", "ToDo.WebAPI.Common\ToDo.WebAPI.Common.csproj", "{5EBBD90F-0BD4-4C94-AA92-942677ABDAF2}"
EndProject
Global
	GlobalSection(SolutionConfigurationPlatforms) = preSolution
		Debug|Any CPU = Debug|Any CPU
		Release|Any CPU = Release|Any CPU
	EndGlobalSection
	GlobalSection(ProjectConfigurationPlatforms) = postSolution
		{94689F5C-4239-4247-AB9E-2AF1D786E46F}.Debug|Any CPU.ActiveCfg = Debug|Any CPU
		{94689F5C-4239-4247-AB9E-2AF1D786E46F}.Debug|Any CPU.Build.0 = Debug|Any CPU
		{94689F5C-4239-4247-AB9E-2AF1D786E46F}.Release|Any CPU.ActiveCfg = Release|Any CPU
		{94689F5C-4239-4247-AB9E-2AF1D786E46F}.Release|Any CPU.Build.0 = Release|Any CPU
		{BECA3FF7-EA5A-463B-A5B2-3DBA9E61404D}.Debug|Any CPU.ActiveCfg = Debug|Any CPU
		{BECA3FF7-EA5A-463B-A5B2-3DBA9E61404D}.Debug|Any CPU.Build.0 = Debug|Any CPU
		{BECA3FF7-EA5A-463B-A5B2-3DBA9E61404D}.Release|Any CPU.ActiveCfg = Release|Any CPU
		{BECA3FF7-EA5A-463B-A5B2-3DBA9E61404D}.Release|Any CPU.Build.0 = Release|Any CPU
		{773D99A0-8B29-41C9-9BD6-1D0DB47ED79B}.Debug|Any CPU.ActiveCfg = Debug|Any CPU
		{773D99A0-8B29-41C9-9BD6-1D0DB47ED79B}.Debug|Any CPU.Build.0 = Debug|Any CPU
		{773D99A0-8B29-41C9-9BD6-1D0DB47ED79B}.Release|Any CPU.ActiveCfg = Release|Any CPU
		{773D99A0-8B29-41C9-9BD6-1D0DB47ED79B}.Release|Any CPU.Build.0 = Release|Any CPU
		{9640E2D3-7E66-45B0-A99B-5D49DE221323}.Debug|Any CPU.ActiveCfg = Debug|Any CPU
		{9640E2D3-7E66-45B0-A99B-5D49DE221323}.Debug|Any CPU.Build.0 = Debug|Any CPU
		{9640E2D3-7E66-45B0-A99B-5D49DE221323}.Release|Any CPU.ActiveCfg = Release|Any CPU
		{9640E2D3-7E66-45B0-A99B-5D49DE221323}.Release|Any CPU.Build.0 = Release|Any CPU
		{5EBBD90F-0BD4-4C94-AA92-942677ABDAF2}.Debug|Any CPU.ActiveCfg = Debug|Any CPU
		{5EBBD90F-0BD4-4C94-AA92-942677ABDAF2}.Debug|Any CPU.Build.0 = Debug|Any CPU
		{5EBBD90F-0BD4-4C94-AA92-942677ABDAF2}.Release|Any CPU.ActiveCfg = Release|Any CPU
		{5EBBD90F-0BD4-4C94-AA92-942677ABDAF2}.Release|Any CPU.Build.0 = Release|Any CPU
	EndGlobalSection
	GlobalSection(SolutionProperties) = preSolution
		HideSolutionNode = FALSE
	EndGlobalSection
	GlobalSection(NestedProjects) = preSolution
		{94689F5C-4239-4247-AB9E-2AF1D786E46F} = {A84EDCDB-1F9C-483A-B108-66622CBCA694}
		{BECA3FF7-EA5A-463B-A5B2-3DBA9E61404D} = {922E652D-9C56-44DB-A467-14BA937F5A93}
		{773D99A0-8B29-41C9-9BD6-1D0DB47ED79B} = {A84EDCDB-1F9C-483A-B108-66622CBCA694}
		{9640E2D3-7E66-45B0-A99B-5D49DE221323} = {A84EDCDB-1F9C-483A-B108-66622CBCA694}
		{5EBBD90F-0BD4-4C94-AA92-942677ABDAF2} = {A84EDCDB-1F9C-483A-B108-66622CBCA694}
	EndGlobalSection
	GlobalSection(ExtensibilityGlobals) = postSolution
		SolutionGuid = {6CC2206B-B066-43CC-BC57-4D9BEC637A68}
	EndGlobalSection
EndGlobal
